
Microsoft Visual Studio Solution File, Format Version 12.00
# Visual Studio Version 16
VisualStudioVersion = 16.0.29709.97
MinimumVisualStudioVersion = 10.0.40219.1
Project("{FAE04EC0-301F-11D3-BF4B-00C04F79EFBC}") = "WebApi", "WebApi\WebApi.csproj", "{77BB48CB-0FBB-4895-BFC3-DD4955DA8CEE}"
EndProject
Global
	GlobalSection(SolutionConfigurationPlatforms) = preSolution
		Debug|Any CPU = Debug|Any CPU
		Release|Any CPU = Release|Any CPU
	EndGlobalSection
	GlobalSection(ProjectConfigurationPlatforms) = postSolution
		{77BB48CB-0FBB-4895-BFC3-DD4955DA8CEE}.Debug|Any CPU.ActiveCfg = Debug|Any CPU
		{77BB48CB-0FBB-4895-BFC3-DD4955DA8CEE}.Debug|Any CPU.Build.0 = Debug|Any CPU
		{77BB48CB-0FBB-4895-BFC3-DD4955DA8CEE}.Release|Any CPU.ActiveCfg = Release|Any CPU
		{77BB48CB-0FBB-4895-BFC3-DD4955DA8CEE}.Release|Any CPU.Build.0 = Release|Any CPU
	EndGlobalSection
	GlobalSection(SolutionProperties) = preSolution
		HideSolutionNode = FALSE
	EndGlobalSection
	GlobalSection(ExtensibilityGlobals) = postSolution
		SolutionGuid = {EFBD96AA-19FD-4F3D-9A0C-2D78770B5FE1}
	EndGlobalSection
EndGlobal
